
Microsoft Visual Studio Solution File, Format Version 12.00
# Visual Studio Version 16
VisualStudioVersion = 16.0.32407.337
MinimumVisualStudioVersion = 10.0.40219.1
Project("{FAE04EC0-301F-11D3-BF4B-00C04F79EFBC}") = "EbTbWebApp", "EbTbWebApp\EbTbWebApp.csproj", "{B2E9BB5D-79E4-44B2-9DE5-D916CA28E7E3}"
EndProject
Global
	GlobalSection(SolutionConfigurationPlatforms) = preSolution
		Debug|Any CPU = Debug|Any CPU
		Release|Any CPU = Release|Any CPU
	EndGlobalSection
	GlobalSection(ProjectConfigurationPlatforms) = postSolution
		{B2E9BB5D-79E4-44B2-9DE5-D916CA28E7E3}.Debug|Any CPU.ActiveCfg = Debug|Any CPU
		{B2E9BB5D-79E4-44B2-9DE5-D916CA28E7E3}.Debug|Any CPU.Build.0 = Debug|Any CPU
		{B2E9BB5D-79E4-44B2-9DE5-D916CA28E7E3}.Release|Any CPU.ActiveCfg = Release|Any CPU
		{B2E9BB5D-79E4-44B2-9DE5-D916CA28E7E3}.Release|Any CPU.Build.0 = Release|Any CPU
	EndGlobalSection
	GlobalSection(SolutionProperties) = preSolution
		HideSolutionNode = FALSE
	EndGlobalSection
	GlobalSection(ExtensibilityGlobals) = postSolution
		SolutionGuid = {E5A10D8C-0364-45B6-B17A-6424AECEE06B}
	EndGlobalSection
EndGlobal
